
Microsoft Visual Studio Solution File, Format Version 12.00
# Visual Studio Version 17
VisualStudioVersion = 17.13.35825.156
MinimumVisualStudioVersion = 10.0.40219.1
Project("{FAE04EC0-301F-11D3-BF4B-00C04F79EFBC}") = "FirstAPI", "FirstAPI.csproj", "{9D245769-9979-446D-8BFF-04F5DA21A81F}"
EndProject
Global
	GlobalSection(SolutionConfigurationPlatforms) = preSolution
		Debug|Any CPU = Debug|Any CPU
		Release|Any CPU = Release|Any CPU
	EndGlobalSection
	GlobalSection(ProjectConfigurationPlatforms) = postSolution
		{9D245769-9979-446D-8BFF-04F5DA21A81F}.Debug|Any CPU.ActiveCfg = Debug|Any CPU
		{9D245769-9979-446D-8BFF-04F5DA21A81F}.Debug|Any CPU.Build.0 = Debug|Any CPU
		{9D245769-9979-446D-8BFF-04F5DA21A81F}.Release|Any CPU.ActiveCfg = Release|Any CPU
		{9D245769-9979-446D-8BFF-04F5DA21A81F}.Release|Any CPU.Build.0 = Release|Any CPU
	EndGlobalSection
	GlobalSection(SolutionProperties) = preSolution
		HideSolutionNode = FALSE
	EndGlobalSection
	GlobalSection(ExtensibilityGlobals) = postSolution
		SolutionGuid = {BEDEBD08-D62F-4F63-9030-3DA67A6A0C06}
	EndGlobalSection
EndGlobal
